
Microsoft Visual Studio Solution File, Format Version 12.00
# Visual Studio Version 17
VisualStudioVersion = 17.3.32929.385
MinimumVisualStudioVersion = 10.0.40219.1
Project("{FAE04EC0-301F-11D3-BF4B-00C04F79EFBC}") = "PrograTarea7.Android", "PrograTarea7\PrograTarea7.Android\PrograTarea7.Android.csproj", "{A8ECD9A3-A130-4EC5-9677-3E929B92FA8F}"
EndProject
Project("{FAE04EC0-301F-11D3-BF4B-00C04F79EFBC}") = "PrograTarea7", "PrograTarea7\PrograTarea7\PrograTarea7.csproj", "{7FF804C1-8E0D-4F22-91F6-B9FF6B2C77A6}"
EndProject
Global
	GlobalSection(SolutionConfigurationPlatforms) = preSolution
		Debug|Any CPU = Debug|Any CPU
		Release|Any CPU = Release|Any CPU
	EndGlobalSection
	GlobalSection(ProjectConfigurationPlatforms) = postSolution
		{A8ECD9A3-A130-4EC5-9677-3E929B92FA8F}.Debug|Any CPU.ActiveCfg = Debug|Any CPU
		{A8ECD9A3-A130-4EC5-9677-3E929B92FA8F}.Debug|Any CPU.Build.0 = Debug|Any CPU
		{A8ECD9A3-A130-4EC5-9677-3E929B92FA8F}.Debug|Any CPU.Deploy.0 = Debug|Any CPU
		{A8ECD9A3-A130-4EC5-9677-3E929B92FA8F}.Release|Any CPU.ActiveCfg = Release|Any CPU
		{A8ECD9A3-A130-4EC5-9677-3E929B92FA8F}.Release|Any CPU.Build.0 = Release|Any CPU
		{A8ECD9A3-A130-4EC5-9677-3E929B92FA8F}.Release|Any CPU.Deploy.0 = Release|Any CPU
		{7FF804C1-8E0D-4F22-91F6-B9FF6B2C77A6}.Debug|Any CPU.ActiveCfg = Debug|Any CPU
		{7FF804C1-8E0D-4F22-91F6-B9FF6B2C77A6}.Debug|Any CPU.Build.0 = Debug|Any CPU
		{7FF804C1-8E0D-4F22-91F6-B9FF6B2C77A6}.Debug|Any CPU.Deploy.0 = Debug|Any CPU
		{7FF804C1-8E0D-4F22-91F6-B9FF6B2C77A6}.Release|Any CPU.ActiveCfg = Release|Any CPU
		{7FF804C1-8E0D-4F22-91F6-B9FF6B2C77A6}.Release|Any CPU.Build.0 = Release|Any CPU
		{7FF804C1-8E0D-4F22-91F6-B9FF6B2C77A6}.Release|Any CPU.Deploy.0 = Release|Any CPU
	EndGlobalSection
	GlobalSection(SolutionProperties) = preSolution
		HideSolutionNode = FALSE
	EndGlobalSection
	GlobalSection(ExtensibilityGlobals) = postSolution
		SolutionGuid = {B138F653-6BFE-4002-ACF6-4AE86AF0D102}
	EndGlobalSection
EndGlobal
